
Microsoft Visual Studio Solution File, Format Version 12.00
# Visual Studio Version 16
VisualStudioVersion = 16.0.30509.190
MinimumVisualStudioVersion = 10.0.40219.1
Project("{9A19103F-16F7-4668-BE54-9A1E7A4F7556}") = "DashboardServer.WebApi", "DashboardServer.WebApi\DashboardServer.WebApi.csproj", "{18E6AD9D-7892-475A-BBCE-E741286D2478}"
EndProject
Project("{FAE04EC0-301F-11D3-BF4B-00C04F79EFBC}") = "DashboardServer.Services.LanMonitor.Domain", "DashboardServer.Services.LanMonitor.Domain\DashboardServer.Services.LanMonitor.Domain.csproj", "{72C73E01-6A0D-41EC-934F-A84F7ECD9F48}"
EndProject
Project("{FAE04EC0-301F-11D3-BF4B-00C04F79EFBC}") = "DashboardServer.Services.LanMonitor.Infrastructure", "DashboardServer.Services.LanMonitor.Infrastructure\DashboardServer.Services.LanMonitor.Infrastructure.csproj", "{0FB51B5D-630E-47F0-98CE-3AE94279E2D8}"
EndProject
Global
	GlobalSection(SolutionConfigurationPlatforms) = preSolution
		Debug|Any CPU = Debug|Any CPU
		Release|Any CPU = Release|Any CPU
	EndGlobalSection
	GlobalSection(ProjectConfigurationPlatforms) = postSolution
		{18E6AD9D-7892-475A-BBCE-E741286D2478}.Debug|Any CPU.ActiveCfg = Debug|Any CPU
		{18E6AD9D-7892-475A-BBCE-E741286D2478}.Debug|Any CPU.Build.0 = Debug|Any CPU
		{18E6AD9D-7892-475A-BBCE-E741286D2478}.Release|Any CPU.ActiveCfg = Release|Any CPU
		{18E6AD9D-7892-475A-BBCE-E741286D2478}.Release|Any CPU.Build.0 = Release|Any CPU
		{72C73E01-6A0D-41EC-934F-A84F7ECD9F48}.Debug|Any CPU.ActiveCfg = Debug|Any CPU
		{72C73E01-6A0D-41EC-934F-A84F7ECD9F48}.Debug|Any CPU.Build.0 = Debug|Any CPU
		{72C73E01-6A0D-41EC-934F-A84F7ECD9F48}.Release|Any CPU.ActiveCfg = Release|Any CPU
		{72C73E01-6A0D-41EC-934F-A84F7ECD9F48}.Release|Any CPU.Build.0 = Release|Any CPU
		{0FB51B5D-630E-47F0-98CE-3AE94279E2D8}.Debug|Any CPU.ActiveCfg = Debug|Any CPU
		{0FB51B5D-630E-47F0-98CE-3AE94279E2D8}.Debug|Any CPU.Build.0 = Debug|Any CPU
		{0FB51B5D-630E-47F0-98CE-3AE94279E2D8}.Release|Any CPU.ActiveCfg = Release|Any CPU
		{0FB51B5D-630E-47F0-98CE-3AE94279E2D8}.Release|Any CPU.Build.0 = Release|Any CPU
	EndGlobalSection
	GlobalSection(SolutionProperties) = preSolution
		HideSolutionNode = FALSE
	EndGlobalSection
	GlobalSection(ExtensibilityGlobals) = postSolution
		SolutionGuid = {4DBE4A00-B44B-42CF-BFDA-776F1DC9EFA9}
	EndGlobalSection
EndGlobal
